// !$*UTF8*$!
{
	archiveVersion = 1;
	classes = {
	};
	objectVersion = 77;
	objects = {

/* Begin PBXBuildFile section */
		950C89342D5F106C00CEBCBF /* TestSongCell.swift in Sources */ = {isa = PBXBuildFile; fileRef = 950C89332D5F106C00CEBCBF /* TestSongCell.swift */; };
		953A0C982D5B15D700E9B05A /* Launch Screen.storyboard in Resources */ = {isa = PBXBuildFile; fileRef = 953A0C972D5B15D700E9B05A /* Launch Screen.storyboard */; };
		953A0C9A2D5B1B0000E9B05A /* MainTabView.swift in Sources */ = {isa = PBXBuildFile; fileRef = 953A0C992D5B1B0000E9B05A /* MainTabView.swift */; };
		953A0C9E2D5B1E7E00E9B05A /* TabButton.swift in Sources */ = {isa = PBXBuildFile; fileRef = 953A0C9D2D5B1E7E00E9B05A /* TabButton.swift */; };
		953A0CA22D5B2FAA00E9B05A /* HomeView.swift in Sources */ = {isa = PBXBuildFile; fileRef = 953A0CA12D5B2FAA00E9B05A /* HomeView.swift */; };
		953A0CA42D5B3B3C00E9B05A /* ViewAllSection.swift in Sources */ = {isa = PBXBuildFile; fileRef = 953A0CA32D5B3B3C00E9B05A /* ViewAllSection.swift */; };
		953A0CA62D5B4F5F00E9B05A /* SideMenuView.swift in Sources */ = {isa = PBXBuildFile; fileRef = 953A0CA52D5B4F5F00E9B05A /* SideMenuView.swift */; };
		953A0CA82D5B582500E9B05A /* IconTextRow.swift in Sources */ = {isa = PBXBuildFile; fileRef = 953A0CA72D5B582500E9B05A /* IconTextRow.swift */; };
		953A0CAA2D5B59CD00E9B05A /* MainViewModel.swift in Sources */ = {isa = PBXBuildFile; fileRef = 953A0CA92D5B59CD00E9B05A /* MainViewModel.swift */; };
		956E55D42D5E424A00D8B768 /* GIFImage in Frameworks */ = {isa = PBXBuildFile; productRef = 956E55D32D5E424A00D8B768 /* GIFImage */; };
		956E55D62D5E42D900D8B768 /* SongModel.swift in Sources */ = {isa = PBXBuildFile; fileRef = 956E55D52D5E42D900D8B768 /* SongModel.swift */; };
		956E55DC2D5E522F00D8B768 /* SQLite in Frameworks */ = {isa = PBXBuildFile; productRef = 956E55DB2D5E522F00D8B768 /* SQLite */; };
		956E55E02D5E5D1D00D8B768 /* SongViewModel.swift in Sources */ = {isa = PBXBuildFile; fileRef = 956E55DF2D5E5D1D00D8B768 /* SongViewModel.swift */; };
		956E55E42D5E63A700D8B768 /* All Alone With You-Egoist.flac in Resources */ = {isa = PBXBuildFile; fileRef = 956E55E32D5E63A700D8B768 /* All Alone With You-Egoist.flac */; };
		956E55E62D5E63B500D8B768 /* all.jpg in Resources */ = {isa = PBXBuildFile; fileRef = 956E55E52D5E63B500D8B768 /* all.jpg */; };
		95A72A582D5A3F3A007CBE8B /* OneMusicApp.swift in Sources */ = {isa = PBXBuildFile; fileRef = 95A72A552D5A3F3A007CBE8B /* OneMusicApp.swift */; };
		95A72A592D5A3F3A007CBE8B /* Preview Assets.xcassets in Resources */ = {isa = PBXBuildFile; fileRef = 95A72A512D5A3F3A007CBE8B /* Preview Assets.xcassets */; };
		95A72A5A2D5A3F3A007CBE8B /* Assets.xcassets in Resources */ = {isa = PBXBuildFile; fileRef = 95A72A532D5A3F3A007CBE8B /* Assets.xcassets */; };
		95A72A612D5A400E007CBE8B /* NotoSansSC-Medium.ttf in Resources */ = {isa = PBXBuildFile; fileRef = 95A72A5F2D5A400D007CBE8B /* NotoSansSC-Medium.ttf */; };
		95A72A622D5A400E007CBE8B /* NotoSansSC-Bold.ttf in Resources */ = {isa = PBXBuildFile; fileRef = 95A72A5D2D5A400D007CBE8B /* NotoSansSC-Bold.ttf */; };
		95A72A632D5A400E007CBE8B /* NotoSansSC-Regular.ttf in Resources */ = {isa = PBXBuildFile; fileRef = 95A72A602D5A400D007CBE8B /* NotoSansSC-Regular.ttf */; };
		95A72A642D5A400E007CBE8B /* NotoSansSC-Black.ttf in Resources */ = {isa = PBXBuildFile; fileRef = 95A72A5C2D5A400D007CBE8B /* NotoSansSC-Black.ttf */; };
		95A72A652D5A400E007CBE8B /* NotoSansSC-Light.ttf in Resources */ = {isa = PBXBuildFile; fileRef = 95A72A5E2D5A400D007CBE8B /* NotoSansSC-Light.ttf */; };
		95A72A6F2D5A497A007CBE8B /* UIExtension.swift in Sources */ = {isa = PBXBuildFile; fileRef = 95A72A6E2D5A497A007CBE8B /* UIExtension.swift */; };
		95B3BFDD2D5B8DA50015FECE /* LibraryView.swift in Sources */ = {isa = PBXBuildFile; fileRef = 95B3BFDC2D5B8DA50015FECE /* LibraryView.swift */; };
		95B3BFDF2D5B8DC10015FECE /* SongsView.swift in Sources */ = {isa = PBXBuildFile; fileRef = 95B3BFDE2D5B8DC10015FECE /* SongsView.swift */; };
		95B3BFE12D5B8DE40015FECE /* AlbumsView.swift in Sources */ = {isa = PBXBuildFile; fileRef = 95B3BFE02D5B8DE40015FECE /* AlbumsView.swift */; };
		95B3BFE32D5B8DFA0015FECE /* AlbumDetailsView.swift in Sources */ = {isa = PBXBuildFile; fileRef = 95B3BFE22D5B8DFA0015FECE /* AlbumDetailsView.swift */; };
		95B3BFE52D5B8E070015FECE /* PlaylistsView.swift in Sources */ = {isa = PBXBuildFile; fileRef = 95B3BFE42D5B8E070015FECE /* PlaylistsView.swift */; };
		95B3BFE72D5B8E1F0015FECE /* ArtistsView.swift in Sources */ = {isa = PBXBuildFile; fileRef = 95B3BFE62D5B8E1F0015FECE /* ArtistsView.swift */; };
		95B3BFE92D5B8E340015FECE /* ArtistDetailsVIew.swift in Sources */ = {isa = PBXBuildFile; fileRef = 95B3BFE82D5B8E340015FECE /* ArtistDetailsVIew.swift */; };
		95B3BFEB2D5B8E430015FECE /* GenresView.swift in Sources */ = {isa = PBXBuildFile; fileRef = 95B3BFEA2D5B8E430015FECE /* GenresView.swift */; };
		95B3BFED2D5B94B50015FECE /* ListTabView.swift in Sources */ = {isa = PBXBuildFile; fileRef = 95B3BFEC2D5B94B50015FECE /* ListTabView.swift */; };
		95B3BFEF2D5C5AE90015FECE /* RecentlyAddCell.swift in Sources */ = {isa = PBXBuildFile; fileRef = 95B3BFEE2D5C5AE90015FECE /* RecentlyAddCell.swift */; };
		95B41ABE2D5F6BE7006460EA /* Album.swift in Sources */ = {isa = PBXBuildFile; fileRef = 95B41ABD2D5F6BE7006460EA /* Album.swift */; };
		95B41AC02D5F6BF3006460EA /* Artist.swift in Sources */ = {isa = PBXBuildFile; fileRef = 95B41ABF2D5F6BF3006460EA /* Artist.swift */; };
		95B41AC22D5F6BFF006460EA /* Playlist.swift in Sources */ = {isa = PBXBuildFile; fileRef = 95B41AC12D5F6BFF006460EA /* Playlist.swift */; };
		95B41AC42D5F98D4006460EA /* DatabaseManager.swift in Sources */ = {isa = PBXBuildFile; fileRef = 95B41AC32D5F98D4006460EA /* DatabaseManager.swift */; };
		95B41AC92D5F9DDC006460EA /* Song.swift in Sources */ = {isa = PBXBuildFile; fileRef = 95B41AC82D5F9DDC006460EA /* Song.swift */; };
		95B41ACB2D5F9E30006460EA /* Genere.swift in Sources */ = {isa = PBXBuildFile; fileRef = 95B41ACA2D5F9E30006460EA /* Genere.swift */; };
		95B41ACD2D5FA421006460EA /* SongListView.swift in Sources */ = {isa = PBXBuildFile; fileRef = 95B41ACC2D5FA421006460EA /* SongListView.swift */; };
		95B41ACF2D5FA6AA006460EA /* CacheManager.swift in Sources */ = {isa = PBXBuildFile; fileRef = 95B41ACE2D5FA6AA006460EA /* CacheManager.swift */; };
		95B41AD12D603A0F006460EA /* AudioPlayerManager.swift in Sources */ = {isa = PBXBuildFile; fileRef = 95B41AD02D603A0F006460EA /* AudioPlayerManager.swift */; };
		95B41AD72D604EF5006460EA /* MusicPillView.swift in Sources */ = {isa = PBXBuildFile; fileRef = 95B41AD62D604EF5006460EA /* MusicPillView.swift */; };
		95B41AD92D607697006460EA /* PlaylistViewModel.swift in Sources */ = {isa = PBXBuildFile; fileRef = 95B41AD82D607697006460EA /* PlaylistViewModel.swift */; };
		95B41ADB2D60A701006460EA /* PreviewData.swift in Sources */ = {isa = PBXBuildFile; fileRef = 95B41ADA2D60A701006460EA /* PreviewData.swift */; };
		95B41AE22D60A73B006460EA /* Rosary - Intro-Binary Haze Interactive,Mili.128.mp3 in Resources */ = {isa = PBXBuildFile; fileRef = 95B41AE12D60A73B006460EA /* Rosary - Intro-Binary Haze Interactive,Mili.128.mp3 */; };
		95B41AE32D60A73B006460EA /* Bulbel.mp3 in Resources */ = {isa = PBXBuildFile; fileRef = 95B41ADC2D60A73B006460EA /* Bulbel.mp3 */; };
		95B41AE42D60A73B006460EA /* Compounding-Binary Haze Interactive,Mili.128.mp3 in Resources */ = {isa = PBXBuildFile; fileRef = 95B41ADD2D60A73B006460EA /* Compounding-Binary Haze Interactive,Mili.128.mp3 */; };
		95B41AE52D60A73B006460EA /* Harmonious.mp3 in Resources */ = {isa = PBXBuildFile; fileRef = 95B41ADE2D60A73B006460EA /* Harmonious.mp3 */; };
		95B41AE62D60A73B006460EA /* Lily.mp3 in Resources */ = {isa = PBXBuildFile; fileRef = 95B41ADF2D60A73B006460EA /* Lily.mp3 */; };
		95B41AE72D60A73B006460EA /* North-Mili,Binary Haze Interactive.128.mp3 in Resources */ = {isa = PBXBuildFile; fileRef = 95B41AE02D60A73B006460EA /* North-Mili,Binary Haze Interactive.128.mp3 */; };
		95B41AF12D60A77E006460EA /* I.mp3 in Resources */ = {isa = PBXBuildFile; fileRef = 95B41AEA2D60A77E006460EA /* I.mp3 */; };
		95B41AF22D60A77E006460EA /* IV.mp3 in Resources */ = {isa = PBXBuildFile; fileRef = 95B41AEF2D60A77E006460EA /* IV.mp3 */; };
		95B41AF32D60A77E006460EA /* III.mp3 in Resources */ = {isa = PBXBuildFile; fileRef = 95B41AED2D60A77E006460EA /* III.mp3 */; };
		95B41AF42D60A77E006460EA /* II (Find Yourself).mp3 in Resources */ = {isa = PBXBuildFile; fileRef = 95B41AEC2D60A77E006460EA /* II (Find Yourself).mp3 */; };
		95B41AF52D60A77E006460EA /* III (Find Yourself) .mp3 in Resources */ = {isa = PBXBuildFile; fileRef = 95B41AEE2D60A77E006460EA /* III (Find Yourself) .mp3 */; };
		95B41AF62D60A77E006460EA /* II.mp3 in Resources */ = {isa = PBXBuildFile; fileRef = 95B41AEB2D60A77E006460EA /* II.mp3 */; };
		95B41AF72D60A77E006460EA /* WhoYouAreIsNotEnough.png in Resources */ = {isa = PBXBuildFile; fileRef = 95B41AF02D60A77E006460EA /* WhoYouAreIsNotEnough.png */; };
		95B41AFF2D61A5C1006460EA /* preview_cover_1.jpg in Resources */ = {isa = PBXBuildFile; fileRef = 95B41AFE2D61A5C1006460EA /* preview_cover_1.jpg */; };
		95B41B012D61A621006460EA /* preview_cover_2.jpg in Resources */ = {isa = PBXBuildFile; fileRef = 95B41B002D61A621006460EA /* preview_cover_2.jpg */; };
		95B41B032D61A640006460EA /* preview_cover_3.jpg in Resources */ = {isa = PBXBuildFile; fileRef = 95B41B022D61A640006460EA /* preview_cover_3.jpg */; };
		95B41B072D61A78B006460EA /* preview_cover_5.jpg in Resources */ = {isa = PBXBuildFile; fileRef = 95B41B052D61A78B006460EA /* preview_cover_5.jpg */; };
		95B41B082D61A78B006460EA /* preview_cover_6.jpg in Resources */ = {isa = PBXBuildFile; fileRef = 95B41B062D61A78B006460EA /* preview_cover_6.jpg */; };
		95B41B092D61A78B006460EA /* preview_cover_4.jpg in Resources */ = {isa = PBXBuildFile; fileRef = 95B41B042D61A78B006460EA /* preview_cover_4.jpg */; };
		95B41B0B2D623B80006460EA /* EnderLilies.jpg in Resources */ = {isa = PBXBuildFile; fileRef = 95B41B0A2D623B80006460EA /* EnderLilies.jpg */; };
		95B41B0D2D624308006460EA /* Untitled.md in Resources */ = {isa = PBXBuildFile; fileRef = 95B41B0C2D6242DE006460EA /* Untitled.md */; };
		95B41B0F2D625357006460EA /* Playable.swift in Sources */ = {isa = PBXBuildFile; fileRef = 95B41B0E2D625357006460EA /* Playable.swift */; };
		95B41B132D625489006460EA /* AlbumViewModel.swift in Sources */ = {isa = PBXBuildFile; fileRef = 95B41B122D625489006460EA /* AlbumViewModel.swift */; };
		95D2898C2D5C79B40013A651 /* OneSearchBar.swift in Sources */ = {isa = PBXBuildFile; fileRef = 95D2898B2D5C79B40013A651 /* OneSearchBar.swift */; };
		95D2898E2D5C7EBC0013A651 /* tempView.swift in Sources */ = {isa = PBXBuildFile; fileRef = 95D2898D2D5C7EBC0013A651 /* tempView.swift */; };
		95D289992D5C939D0013A651 /* SongsCell.swift in Sources */ = {isa = PBXBuildFile; fileRef = 95D289982D5C939D0013A651 /* SongsCell.swift */; };
		95D2899C2D5CA90C0013A651 /* myNavi.swift in Sources */ = {isa = PBXBuildFile; fileRef = 95D2899B2D5CA90C0013A651 /* myNavi.swift */; };
		95D2899E2D5CAA0E0013A651 /* NavigationExtension.swift in Sources */ = {isa = PBXBuildFile; fileRef = 95D2899D2D5CAA0E0013A651 /* NavigationExtension.swift */; };
		95D289A82D5CDA640013A651 /* PlaylistDetailView.swift in Sources */ = {isa = PBXBuildFile; fileRef = 95D289A72D5CDA640013A651 /* PlaylistDetailView.swift */; };
		95D289AA2D5CEEB60013A651 /* AlbumDetailCell.swift in Sources */ = {isa = PBXBuildFile; fileRef = 95D289A92D5CEEB60013A651 /* AlbumDetailCell.swift */; };
		95D289AC2D5DB3390013A651 /* AlbumnSongRow.swift in Sources */ = {isa = PBXBuildFile; fileRef = 95D289AB2D5DB3390013A651 /* AlbumnSongRow.swift */; };
		95D289AF2D5DBDCC0013A651 /* GIFImage in Frameworks */ = {isa = PBXBuildFile; productRef = 95D289AE2D5DBDCC0013A651 /* GIFImage */; };
		95D289B12D5DBEB30013A651 /* wave.gif in Resources */ = {isa = PBXBuildFile; fileRef = 95D289B02D5DBEB30013A651 /* wave.gif */; };
		95D289B32D5DC5EB0013A651 /* PlaylistRow.swift in Sources */ = {isa = PBXBuildFile; fileRef = 95D289B22D5DC5EB0013A651 /* PlaylistRow.swift */; };
		95D289B62D5DC88B0013A651 /* DefaultPlayerView.swift in Sources */ = {isa = PBXBuildFile; fileRef = 95D289B52D5DC88B0013A651 /* DefaultPlayerView.swift */; };
		95D289BC2D5DE7CD0013A651 /* ArtistCell.swift in Sources */ = {isa = PBXBuildFile; fileRef = 95D289BB2D5DE7CD0013A651 /* ArtistCell.swift */; };
		95D289BE2D5DF5150013A651 /* ALL.mp3 in Resources */ = {isa = PBXBuildFile; fileRef = 95D289BD2D5DF5150013A651 /* ALL.mp3 */; };
/* End PBXBuildFile section */

/* Begin PBXFileReference section */
		950C89332D5F106C00CEBCBF /* TestSongCell.swift */ = {isa = PBXFileReference; lastKnownFileType = sourcecode.swift; path = TestSongCell.swift; sourceTree = "<group>"; };
		953A0C972D5B15D700E9B05A /* Launch Screen.storyboard */ = {isa = PBXFileReference; lastKnownFileType = file.storyboard; path = "Launch Screen.storyboard"; sourceTree = "<group>"; };
		953A0C992D5B1B0000E9B05A /* MainTabView.swift */ = {isa = PBXFileReference; lastKnownFileType = sourcecode.swift; path = MainTabView.swift; sourceTree = "<group>"; };
		953A0C9D2D5B1E7E00E9B05A /* TabButton.swift */ = {isa = PBXFileReference; lastKnownFileType = sourcecode.swift; path = TabButton.swift; sourceTree = "<group>"; };
		953A0CA12D5B2FAA00E9B05A /* HomeView.swift */ = {isa = PBXFileReference; lastKnownFileType = sourcecode.swift; path = HomeView.swift; sourceTree = "<group>"; };
		953A0CA32D5B3B3C00E9B05A /* ViewAllSection.swift */ = {isa = PBXFileReference; lastKnownFileType = sourcecode.swift; path = ViewAllSection.swift; sourceTree = "<group>"; };
		953A0CA52D5B4F5F00E9B05A /* SideMenuView.swift */ = {isa = PBXFileReference; lastKnownFileType = sourcecode.swift; path = SideMenuView.swift; sourceTree = "<group>"; };
		953A0CA72D5B582500E9B05A /* IconTextRow.swift */ = {isa = PBXFileReference; lastKnownFileType = sourcecode.swift; path = IconTextRow.swift; sourceTree = "<group>"; };
		953A0CA92D5B59CD00E9B05A /* MainViewModel.swift */ = {isa = PBXFileReference; lastKnownFileType = sourcecode.swift; path = MainViewModel.swift; sourceTree = "<group>"; };
		956E55D52D5E42D900D8B768 /* SongModel.swift */ = {isa = PBXFileReference; lastKnownFileType = sourcecode.swift; path = SongModel.swift; sourceTree = "<group>"; };
		956E55DF2D5E5D1D00D8B768 /* SongViewModel.swift */ = {isa = PBXFileReference; lastKnownFileType = sourcecode.swift; path = SongViewModel.swift; sourceTree = "<group>"; };
		956E55E32D5E63A700D8B768 /* All Alone With You-Egoist.flac */ = {isa = PBXFileReference; lastKnownFileType = file; path = "All Alone With You-Egoist.flac"; sourceTree = "<group>"; };
		956E55E52D5E63B500D8B768 /* all.jpg */ = {isa = PBXFileReference; lastKnownFileType = image.jpeg; path = all.jpg; sourceTree = "<group>"; };
		95A72A402D5A3F0E007CBE8B /* OneMusic.app */ = {isa = PBXFileReference; explicitFileType = wrapper.application; includeInIndex = 0; path = OneMusic.app; sourceTree = BUILT_PRODUCTS_DIR; };
		95A72A512D5A3F3A007CBE8B /* Preview Assets.xcassets */ = {isa = PBXFileReference; lastKnownFileType = folder.assetcatalog; path = "Preview Assets.xcassets"; sourceTree = "<group>"; };
		95A72A532D5A3F3A007CBE8B /* Assets.xcassets */ = {isa = PBXFileReference; lastKnownFileType = folder.assetcatalog; path = Assets.xcassets; sourceTree = "<group>"; };
		95A72A552D5A3F3A007CBE8B /* OneMusicApp.swift */ = {isa = PBXFileReference; lastKnownFileType = sourcecode.swift; path = OneMusicApp.swift; sourceTree = "<group>"; };
		95A72A5C2D5A400D007CBE8B /* NotoSansSC-Black.ttf */ = {isa = PBXFileReference; lastKnownFileType = file; path = "NotoSansSC-Black.ttf"; sourceTree = "<group>"; };
		95A72A5D2D5A400D007CBE8B /* NotoSansSC-Bold.ttf */ = {isa = PBXFileReference; lastKnownFileType = file; path = "NotoSansSC-Bold.ttf"; sourceTree = "<group>"; };
		95A72A5E2D5A400D007CBE8B /* NotoSansSC-Light.ttf */ = {isa = PBXFileReference; lastKnownFileType = file; path = "NotoSansSC-Light.ttf"; sourceTree = "<group>"; };
		95A72A5F2D5A400D007CBE8B /* NotoSansSC-Medium.ttf */ = {isa = PBXFileReference; lastKnownFileType = file; path = "NotoSansSC-Medium.ttf"; sourceTree = "<group>"; };
		95A72A602D5A400D007CBE8B /* NotoSansSC-Regular.ttf */ = {isa = PBXFileReference; lastKnownFileType = file; path = "NotoSansSC-Regular.ttf"; sourceTree = "<group>"; };
		95A72A672D5A4809007CBE8B /* Info.plist */ = {isa = PBXFileReference; lastKnownFileType = text.plist.xml; path = Info.plist; sourceTree = "<group>"; };
		95A72A6E2D5A497A007CBE8B /* UIExtension.swift */ = {isa = PBXFileReference; lastKnownFileType = sourcecode.swift; path = UIExtension.swift; sourceTree = "<group>"; };
		95B3BFDC2D5B8DA50015FECE /* LibraryView.swift */ = {isa = PBXFileReference; lastKnownFileType = sourcecode.swift; path = LibraryView.swift; sourceTree = "<group>"; };
		95B3BFDE2D5B8DC10015FECE /* SongsView.swift */ = {isa = PBXFileReference; lastKnownFileType = sourcecode.swift; path = SongsView.swift; sourceTree = "<group>"; };
		95B3BFE02D5B8DE40015FECE /* AlbumsView.swift */ = {isa = PBXFileReference; lastKnownFileType = sourcecode.swift; path = AlbumsView.swift; sourceTree = "<group>"; };
		95B3BFE22D5B8DFA0015FECE /* AlbumDetailsView.swift */ = {isa = PBXFileReference; lastKnownFileType = sourcecode.swift; path = AlbumDetailsView.swift; sourceTree = "<group>"; };
		95B3BFE42D5B8E070015FECE /* PlaylistsView.swift */ = {isa = PBXFileReference; lastKnownFileType = sourcecode.swift; path = PlaylistsView.swift; sourceTree = "<group>"; };
		95B3BFE62D5B8E1F0015FECE /* ArtistsView.swift */ = {isa = PBXFileReference; lastKnownFileType = sourcecode.swift; path = ArtistsView.swift; sourceTree = "<group>"; };
		95B3BFE82D5B8E340015FECE /* ArtistDetailsVIew.swift */ = {isa = PBXFileReference; lastKnownFileType = sourcecode.swift; path = ArtistDetailsVIew.swift; sourceTree = "<group>"; };
		95B3BFEA2D5B8E430015FECE /* GenresView.swift */ = {isa = PBXFileReference; lastKnownFileType = sourcecode.swift; path = GenresView.swift; sourceTree = "<group>"; };
		95B3BFEC2D5B94B50015FECE /* ListTabView.swift */ = {isa = PBXFileReference; lastKnownFileType = sourcecode.swift; path = ListTabView.swift; sourceTree = "<group>"; };
		95B3BFEE2D5C5AE90015FECE /* RecentlyAddCell.swift */ = {isa = PBXFileReference; lastKnownFileType = sourcecode.swift; path = RecentlyAddCell.swift; sourceTree = "<group>"; };
		95B41ABD2D5F6BE7006460EA /* Album.swift */ = {isa = PBXFileReference; lastKnownFileType = sourcecode.swift; path = Album.swift; sourceTree = "<group>"; };
		95B41ABF2D5F6BF3006460EA /* Artist.swift */ = {isa = PBXFileReference; lastKnownFileType = sourcecode.swift; path = Artist.swift; sourceTree = "<group>"; };
		95B41AC12D5F6BFF006460EA /* Playlist.swift */ = {isa = PBXFileReference; lastKnownFileType = sourcecode.swift; path = Playlist.swift; sourceTree = "<group>"; };
		95B41AC32D5F98D4006460EA /* DatabaseManager.swift */ = {isa = PBXFileReference; lastKnownFileType = sourcecode.swift; path = DatabaseManager.swift; sourceTree = "<group>"; };
		95B41AC82D5F9DDC006460EA /* Song.swift */ = {isa = PBXFileReference; lastKnownFileType = sourcecode.swift; path = Song.swift; sourceTree = "<group>"; };
		95B41ACA2D5F9E30006460EA /* Genere.swift */ = {isa = PBXFileReference; lastKnownFileType = sourcecode.swift; path = Genere.swift; sourceTree = "<group>"; };
		95B41ACC2D5FA421006460EA /* SongListView.swift */ = {isa = PBXFileReference; lastKnownFileType = sourcecode.swift; path = SongListView.swift; sourceTree = "<group>"; };
		95B41ACE2D5FA6AA006460EA /* CacheManager.swift */ = {isa = PBXFileReference; lastKnownFileType = sourcecode.swift; path = CacheManager.swift; sourceTree = "<group>"; };
		95B41AD02D603A0F006460EA /* AudioPlayerManager.swift */ = {isa = PBXFileReference; lastKnownFileType = sourcecode.swift; path = AudioPlayerManager.swift; sourceTree = "<group>"; };
		95B41AD62D604EF5006460EA /* MusicPillView.swift */ = {isa = PBXFileReference; lastKnownFileType = sourcecode.swift; path = MusicPillView.swift; sourceTree = "<group>"; };
		95B41AD82D607697006460EA /* PlaylistViewModel.swift */ = {isa = PBXFileReference; lastKnownFileType = sourcecode.swift; path = PlaylistViewModel.swift; sourceTree = "<group>"; };
		95B41ADA2D60A701006460EA /* PreviewData.swift */ = {isa = PBXFileReference; lastKnownFileType = sourcecode.swift; path = PreviewData.swift; sourceTree = "<group>"; };
		95B41ADC2D60A73B006460EA /* Bulbel.mp3 */ = {isa = PBXFileReference; lastKnownFileType = audio.mp3; path = Bulbel.mp3; sourceTree = "<group>"; };
		95B41ADD2D60A73B006460EA /* Compounding-Binary Haze Interactive,Mili.128.mp3 */ = {isa = PBXFileReference; lastKnownFileType = audio.mp3; path = "Compounding-Binary Haze Interactive,Mili.128.mp3"; sourceTree = "<group>"; };
		95B41ADE2D60A73B006460EA /* Harmonious.mp3 */ = {isa = PBXFileReference; lastKnownFileType = audio.mp3; path = Harmonious.mp3; sourceTree = "<group>"; };
		95B41ADF2D60A73B006460EA /* Lily.mp3 */ = {isa = PBXFileReference; lastKnownFileType = audio.mp3; path = Lily.mp3; sourceTree = "<group>"; };
		95B41AE02D60A73B006460EA /* North-Mili,Binary Haze Interactive.128.mp3 */ = {isa = PBXFileReference; lastKnownFileType = audio.mp3; path = "North-Mili,Binary Haze Interactive.128.mp3"; sourceTree = "<group>"; };
		95B41AE12D60A73B006460EA /* Rosary - Intro-Binary Haze Interactive,Mili.128.mp3 */ = {isa = PBXFileReference; lastKnownFileType = audio.mp3; path = "Rosary - Intro-Binary Haze Interactive,Mili.128.mp3"; sourceTree = "<group>"; };
		95B41AEA2D60A77E006460EA /* I.mp3 */ = {isa = PBXFileReference; lastKnownFileType = audio.mp3; path = I.mp3; sourceTree = "<group>"; };
		95B41AEB2D60A77E006460EA /* II.mp3 */ = {isa = PBXFileReference; lastKnownFileType = audio.mp3; path = II.mp3; sourceTree = "<group>"; };
		95B41AEC2D60A77E006460EA /* II (Find Yourself).mp3 */ = {isa = PBXFileReference; lastKnownFileType = audio.mp3; path = "II (Find Yourself).mp3"; sourceTree = "<group>"; };
		95B41AED2D60A77E006460EA /* III.mp3 */ = {isa = PBXFileReference; lastKnownFileType = audio.mp3; path = III.mp3; sourceTree = "<group>"; };
		95B41AEE2D60A77E006460EA /* III (Find Yourself) .mp3 */ = {isa = PBXFileReference; lastKnownFileType = audio.mp3; path = "III (Find Yourself) .mp3"; sourceTree = "<group>"; };
		95B41AEF2D60A77E006460EA /* IV.mp3 */ = {isa = PBXFileReference; lastKnownFileType = audio.mp3; path = IV.mp3; sourceTree = "<group>"; };
		95B41AF02D60A77E006460EA /* WhoYouAreIsNotEnough.png */ = {isa = PBXFileReference; lastKnownFileType = image.png; path = WhoYouAreIsNotEnough.png; sourceTree = "<group>"; };
		95B41AFE2D61A5C1006460EA /* preview_cover_1.jpg */ = {isa = PBXFileReference; lastKnownFileType = image.jpeg; path = preview_cover_1.jpg; sourceTree = "<group>"; };
		95B41B002D61A621006460EA /* preview_cover_2.jpg */ = {isa = PBXFileReference; lastKnownFileType = image.jpeg; path = preview_cover_2.jpg; sourceTree = "<group>"; };
		95B41B022D61A640006460EA /* preview_cover_3.jpg */ = {isa = PBXFileReference; lastKnownFileType = image.jpeg; path = preview_cover_3.jpg; sourceTree = "<group>"; };
		95B41B042D61A78B006460EA /* preview_cover_4.jpg */ = {isa = PBXFileReference; lastKnownFileType = image.jpeg; path = preview_cover_4.jpg; sourceTree = "<group>"; };
		95B41B052D61A78B006460EA /* preview_cover_5.jpg */ = {isa = PBXFileReference; lastKnownFileType = image.jpeg; path = preview_cover_5.jpg; sourceTree = "<group>"; };
		95B41B062D61A78B006460EA /* preview_cover_6.jpg */ = {isa = PBXFileReference; lastKnownFileType = image.jpeg; path = preview_cover_6.jpg; sourceTree = "<group>"; };
		95B41B0A2D623B80006460EA /* EnderLilies.jpg */ = {isa = PBXFileReference; lastKnownFileType = image.jpeg; path = EnderLilies.jpg; sourceTree = "<group>"; };
		95B41B0C2D6242DE006460EA /* Untitled.md */ = {isa = PBXFileReference; lastKnownFileType = net.daringfireball.markdown; path = Untitled.md; sourceTree = "<group>"; };
		95B41B0E2D625357006460EA /* Playable.swift */ = {isa = PBXFileReference; lastKnownFileType = sourcecode.swift; path = Playable.swift; sourceTree = "<group>"; };
		95B41B122D625489006460EA /* AlbumViewModel.swift */ = {isa = PBXFileReference; lastKnownFileType = sourcecode.swift; path = AlbumViewModel.swift; sourceTree = "<group>"; };
		95D2898B2D5C79B40013A651 /* OneSearchBar.swift */ = {isa = PBXFileReference; lastKnownFileType = sourcecode.swift; path = OneSearchBar.swift; sourceTree = "<group>"; };
		95D2898D2D5C7EBC0013A651 /* tempView.swift */ = {isa = PBXFileReference; lastKnownFileType = sourcecode.swift; path = tempView.swift; sourceTree = "<group>"; };
		95D289982D5C939D0013A651 /* SongsCell.swift */ = {isa = PBXFileReference; lastKnownFileType = sourcecode.swift; path = SongsCell.swift; sourceTree = "<group>"; };
		95D2899B2D5CA90C0013A651 /* myNavi.swift */ = {isa = PBXFileReference; lastKnownFileType = sourcecode.swift; path = myNavi.swift; sourceTree = "<group>"; };
		95D2899D2D5CAA0E0013A651 /* NavigationExtension.swift */ = {isa = PBXFileReference; lastKnownFileType = sourcecode.swift; path = NavigationExtension.swift; sourceTree = "<group>"; };
		95D289A72D5CDA640013A651 /* PlaylistDetailView.swift */ = {isa = PBXFileReference; lastKnownFileType = sourcecode.swift; path = PlaylistDetailView.swift; sourceTree = "<group>"; };
		95D289A92D5CEEB60013A651 /* AlbumDetailCell.swift */ = {isa = PBXFileReference; lastKnownFileType = sourcecode.swift; path = AlbumDetailCell.swift; sourceTree = "<group>"; };
		95D289AB2D5DB3390013A651 /* AlbumnSongRow.swift */ = {isa = PBXFileReference; lastKnownFileType = sourcecode.swift; path = AlbumnSongRow.swift; sourceTree = "<group>"; };
		95D289B02D5DBEB30013A651 /* wave.gif */ = {isa = PBXFileReference; lastKnownFileType = image.gif; path = wave.gif; sourceTree = "<group>"; };
		95D289B22D5DC5EB0013A651 /* PlaylistRow.swift */ = {isa = PBXFileReference; lastKnownFileType = sourcecode.swift; path = PlaylistRow.swift; sourceTree = "<group>"; };
		95D289B52D5DC88B0013A651 /* DefaultPlayerView.swift */ = {isa = PBXFileReference; lastKnownFileType = sourcecode.swift; path = DefaultPlayerView.swift; sourceTree = "<group>"; };
		95D289BB2D5DE7CD0013A651 /* ArtistCell.swift */ = {isa = PBXFileReference; lastKnownFileType = sourcecode.swift; path = ArtistCell.swift; sourceTree = "<group>"; };
		95D289BD2D5DF5150013A651 /* ALL.mp3 */ = {isa = PBXFileReference; lastKnownFileType = audio.mp3; path = ALL.mp3; sourceTree = "<group>"; };
/* End PBXFileReference section */

/* Begin PBXFrameworksBuildPhase section */
		95A72A3D2D5A3F0E007CBE8B /* Frameworks */ = {
			isa = PBXFrameworksBuildPhase;
			buildActionMask = 2147483647;
			files = (
				956E55DC2D5E522F00D8B768 /* SQLite in Frameworks */,
				95D289AF2D5DBDCC0013A651 /* GIFImage in Frameworks */,
				956E55D42D5E424A00D8B768 /* GIFImage in Frameworks */,
			);
			runOnlyForDeploymentPostprocessing = 0;
		};
/* End PBXFrameworksBuildPhase section */

/* Begin PBXGroup section */
		953A0C9F2D5B2F7500E9B05A /* Library */ = {
			isa = PBXGroup;
			children = (
				95B41ACC2D5FA421006460EA /* SongListView.swift */,
				95B3BFDC2D5B8DA50015FECE /* LibraryView.swift */,
				95B3BFDE2D5B8DC10015FECE /* SongsView.swift */,
				95B3BFE02D5B8DE40015FECE /* AlbumsView.swift */,
				95B3BFE62D5B8E1F0015FECE /* ArtistsView.swift */,
				95B3BFE22D5B8DFA0015FECE /* AlbumDetailsView.swift */,
				95B3BFE42D5B8E070015FECE /* PlaylistsView.swift */,
				95D289A72D5CDA640013A651 /* PlaylistDetailView.swift */,
				95B3BFE82D5B8E340015FECE /* ArtistDetailsVIew.swift */,
				95B3BFEA2D5B8E430015FECE /* GenresView.swift */,
			);
			path = Library;
			sourceTree = "<group>";
		};
		953A0CA02D5B2F7E00E9B05A /* Settings */ = {
			isa = PBXGroup;
			children = (
			);
			path = Settings;
			sourceTree = "<group>";
		};
		956E55D72D5E472000D8B768 /* Manager */ = {
			isa = PBXGroup;
			children = (
				95B41AD02D603A0F006460EA /* AudioPlayerManager.swift */,
				95B41ACE2D5FA6AA006460EA /* CacheManager.swift */,
				95B41AC32D5F98D4006460EA /* DatabaseManager.swift */,
			);
			path = Manager;
			sourceTree = "<group>";
		};
		95A72A372D5A3F0E007CBE8B = {
			isa = PBXGroup;
			children = (
				95A72A562D5A3F3A007CBE8B /* OneMusic */,
				95A72A412D5A3F0E007CBE8B /* Products */,
			);
			sourceTree = "<group>";
		};
		95A72A412D5A3F0E007CBE8B /* Products */ = {
			isa = PBXGroup;
			children = (
				95A72A402D5A3F0E007CBE8B /* OneMusic.app */,
			);
			name = Products;
			sourceTree = "<group>";
		};
		95A72A522D5A3F3A007CBE8B /* Preview Content */ = {
			isa = PBXGroup;
			children = (
				95A72A662D5A4315007CBE8B /* Common */,
				95B41AFD2D61A5AD006460EA /* cover */,
				95B41AFC2D61A57C006460EA /* Mp3 */,
				95A72A512D5A3F3A007CBE8B /* Preview Assets.xcassets */,
				95B41ADA2D60A701006460EA /* PreviewData.swift */,
			);
			path = "Preview Content";
			sourceTree = "<group>";
		};
		95A72A562D5A3F3A007CBE8B /* OneMusic */ = {
			isa = PBXGroup;
			children = (
				95B41AC52D5F999B006460EA /* OneModel */,
				95A72A702D5A5021007CBE8B /* Extension */,
				95A72A6B2D5A48FF007CBE8B /* View */,
				95A72A6A2D5A48D3007CBE8B /* ViewModel */,
				95A72A692D5A48CE007CBE8B /* Model */,
				95A72A682D5A48B7007CBE8B /* UICommon */,
				956E55D72D5E472000D8B768 /* Manager */,
				95A72A5B2D5A3FD5007CBE8B /* Fonts */,
				95A72A522D5A3F3A007CBE8B /* Preview Content */,
				95A72A532D5A3F3A007CBE8B /* Assets.xcassets */,
				95A72A672D5A4809007CBE8B /* Info.plist */,
				95A72A552D5A3F3A007CBE8B /* OneMusicApp.swift */,
				953A0C972D5B15D700E9B05A /* Launch Screen.storyboard */,
			);
			path = OneMusic;
			sourceTree = "<group>";
		};
		95A72A5B2D5A3FD5007CBE8B /* Fonts */ = {
			isa = PBXGroup;
			children = (
				95A72A5C2D5A400D007CBE8B /* NotoSansSC-Black.ttf */,
				95A72A5D2D5A400D007CBE8B /* NotoSansSC-Bold.ttf */,
				95A72A5E2D5A400D007CBE8B /* NotoSansSC-Light.ttf */,
				95A72A5F2D5A400D007CBE8B /* NotoSansSC-Medium.ttf */,
				95A72A602D5A400D007CBE8B /* NotoSansSC-Regular.ttf */,
			);
			path = Fonts;
			sourceTree = "<group>";
		};
		95A72A662D5A4315007CBE8B /* Common */ = {
			isa = PBXGroup;
			children = (
				956E55E32D5E63A700D8B768 /* All Alone With You-Egoist.flac */,
				95D289B02D5DBEB30013A651 /* wave.gif */,
				956E55E52D5E63B500D8B768 /* all.jpg */,
				95D289BD2D5DF5150013A651 /* ALL.mp3 */,
			);
			path = Common;
			sourceTree = "<group>";
		};
		95A72A682D5A48B7007CBE8B /* UICommon */ = {
			isa = PBXGroup;
			children = (
				953A0C9D2D5B1E7E00E9B05A /* TabButton.swift */,
				953A0CA32D5B3B3C00E9B05A /* ViewAllSection.swift */,
				953A0CA72D5B582500E9B05A /* IconTextRow.swift */,
				95B3BFEC2D5B94B50015FECE /* ListTabView.swift */,
				95B3BFEE2D5C5AE90015FECE /* RecentlyAddCell.swift */,
				95D2898B2D5C79B40013A651 /* OneSearchBar.swift */,
				95D289982D5C939D0013A651 /* SongsCell.swift */,
				95D289B22D5DC5EB0013A651 /* PlaylistRow.swift */,
				95D289A92D5CEEB60013A651 /* AlbumDetailCell.swift */,
				95D289AB2D5DB3390013A651 /* AlbumnSongRow.swift */,
				95D289BB2D5DE7CD0013A651 /* ArtistCell.swift */,
			);
			path = UICommon;
			sourceTree = "<group>";
		};
		95A72A692D5A48CE007CBE8B /* Model */ = {
			isa = PBXGroup;
			children = (
				956E55D52D5E42D900D8B768 /* SongModel.swift */,
				95B41ABD2D5F6BE7006460EA /* Album.swift */,
				95B41ABF2D5F6BF3006460EA /* Artist.swift */,
				95B41AC12D5F6BFF006460EA /* Playlist.swift */,
				95B41AC82D5F9DDC006460EA /* Song.swift */,
				95B41ACA2D5F9E30006460EA /* Genere.swift */,
			);
			path = Model;
			sourceTree = "<group>";
		};
		95A72A6A2D5A48D3007CBE8B /* ViewModel */ = {
			isa = PBXGroup;
			children = (
				953A0CA92D5B59CD00E9B05A /* MainViewModel.swift */,
				956E55DF2D5E5D1D00D8B768 /* SongViewModel.swift */,
				95B41AD82D607697006460EA /* PlaylistViewModel.swift */,
				95B41B122D625489006460EA /* AlbumViewModel.swift */,
			);
			path = ViewModel;
			sourceTree = "<group>";
		};
		95A72A6B2D5A48FF007CBE8B /* View */ = {
			isa = PBXGroup;
			children = (
				95D289B42D5DC86B0013A651 /* Player */,
				95D2899A2D5CA8F50013A651 /* testView */,
				953A0CA02D5B2F7E00E9B05A /* Settings */,
				953A0C9F2D5B2F7500E9B05A /* Library */,
				95A72A6D2D5A4913007CBE8B /* MainTab */,
				95A72A6C2D5A4908007CBE8B /* Home */,
			);
			path = View;
			sourceTree = "<group>";
		};
		95A72A6C2D5A4908007CBE8B /* Home */ = {
			isa = PBXGroup;
			children = (
				95D2898D2D5C7EBC0013A651 /* tempView.swift */,
				953A0CA12D5B2FAA00E9B05A /* HomeView.swift */,
			);
			path = Home;
			sourceTree = "<group>";
		};
		95A72A6D2D5A4913007CBE8B /* MainTab */ = {
			isa = PBXGroup;
			children = (
				953A0C992D5B1B0000E9B05A /* MainTabView.swift */,
				953A0CA52D5B4F5F00E9B05A /* SideMenuView.swift */,
			);
			path = MainTab;
			sourceTree = "<group>";
		};
		95A72A702D5A5021007CBE8B /* Extension */ = {
			isa = PBXGroup;
			children = (
				95A72A6E2D5A497A007CBE8B /* UIExtension.swift */,
				95D2899D2D5CAA0E0013A651 /* NavigationExtension.swift */,
				95B41B0E2D625357006460EA /* Playable.swift */,
			);
			path = Extension;
			sourceTree = "<group>";
		};
		95B41AC52D5F999B006460EA /* OneModel */ = {
			isa = PBXGroup;
			children = (
			);
			path = OneModel;
			sourceTree = "<group>";
		};
		95B41AFC2D61A57C006460EA /* Mp3 */ = {
			isa = PBXGroup;
			children = (
				95B41AEB2D60A77E006460EA /* II.mp3 */,
				95B41AEA2D60A77E006460EA /* I.mp3 */,
				95B41AEF2D60A77E006460EA /* IV.mp3 */,
				95B41AEC2D60A77E006460EA /* II (Find Yourself).mp3 */,
				95B41AED2D60A77E006460EA /* III.mp3 */,
				95B41AEE2D60A77E006460EA /* III (Find Yourself) .mp3 */,
				95B41ADC2D60A73B006460EA /* Bulbel.mp3 */,
				95B41ADD2D60A73B006460EA /* Compounding-Binary Haze Interactive,Mili.128.mp3 */,
				95B41ADE2D60A73B006460EA /* Harmonious.mp3 */,
				95B41ADF2D60A73B006460EA /* Lily.mp3 */,
				95B41AE02D60A73B006460EA /* North-Mili,Binary Haze Interactive.128.mp3 */,
				95B41AE12D60A73B006460EA /* Rosary - Intro-Binary Haze Interactive,Mili.128.mp3 */,
				95B41B0C2D6242DE006460EA /* Untitled.md */,
			);
			path = Mp3;
			sourceTree = "<group>";
		};
		95B41AFD2D61A5AD006460EA /* cover */ = {
			isa = PBXGroup;
			children = (
				95B41B0A2D623B80006460EA /* EnderLilies.jpg */,
				95B41AFE2D61A5C1006460EA /* preview_cover_1.jpg */,
				95B41B002D61A621006460EA /* preview_cover_2.jpg */,
				95B41B022D61A640006460EA /* preview_cover_3.jpg */,
				95B41B042D61A78B006460EA /* preview_cover_4.jpg */,
				95B41B052D61A78B006460EA /* preview_cover_5.jpg */,
				95B41B062D61A78B006460EA /* preview_cover_6.jpg */,
				95B41AF02D60A77E006460EA /* WhoYouAreIsNotEnough.png */,
			);
			path = cover;
			sourceTree = "<group>";
		};
		95D2899A2D5CA8F50013A651 /* testView */ = {
			isa = PBXGroup;
			children = (
				95D2899B2D5CA90C0013A651 /* myNavi.swift */,
				950C89332D5F106C00CEBCBF /* TestSongCell.swift */,
			);
			path = testView;
			sourceTree = "<group>";
		};
		95D289B42D5DC86B0013A651 /* Player */ = {
			isa = PBXGroup;
			children = (
				95D289B52D5DC88B0013A651 /* DefaultPlayerView.swift */,
				95B41AD62D604EF5006460EA /* MusicPillView.swift */,
			);
			path = Player;
			sourceTree = "<group>";
		};
/* End PBXGroup section */

/* Begin PBXNativeTarget section */
		95A72A3F2D5A3F0E007CBE8B /* OneMusic */ = {
			isa = PBXNativeTarget;
			buildConfigurationList = 95A72A4E2D5A3F0E007CBE8B /* Build configuration list for PBXNativeTarget "OneMusic" */;
			buildPhases = (
				95A72A3C2D5A3F0E007CBE8B /* Sources */,
				95A72A3D2D5A3F0E007CBE8B /* Frameworks */,
				95A72A3E2D5A3F0E007CBE8B /* Resources */,
			);
			buildRules = (
			);
			dependencies = (
			);
			name = OneMusic;
			packageProductDependencies = (
				95D289AE2D5DBDCC0013A651 /* GIFImage */,
				956E55D32D5E424A00D8B768 /* GIFImage */,
				956E55DB2D5E522F00D8B768 /* SQLite */,
			);
			productName = OneMusic;
			productReference = 95A72A402D5A3F0E007CBE8B /* OneMusic.app */;
			productType = "com.apple.product-type.application";
		};
/* End PBXNativeTarget section */

/* Begin PBXProject section */
		95A72A382D5A3F0E007CBE8B /* Project object */ = {
			isa = PBXProject;
			attributes = {
				BuildIndependentTargetsInParallel = 1;
				LastSwiftUpdateCheck = 1610;
				LastUpgradeCheck = 1610;
				TargetAttributes = {
					95A72A3F2D5A3F0E007CBE8B = {
						CreatedOnToolsVersion = 16.1;
					};
				};
			};
			buildConfigurationList = 95A72A3B2D5A3F0E007CBE8B /* Build configuration list for PBXProject "OneMusic" */;
			developmentRegion = en;
			hasScannedForEncodings = 0;
			knownRegions = (
				en,
				Base,
			);
			mainGroup = 95A72A372D5A3F0E007CBE8B;
			minimizedProjectReferenceProxies = 1;
			packageReferences = (
				956E55D22D5E424A00D8B768 /* XCLocalSwiftPackageReference "../../Downloads/GIFImage-main" */,
				956E55DA2D5E522F00D8B768 /* XCLocalSwiftPackageReference "../../Downloads/SQLite.swift-master" */,
			);
			preferredProjectObjectVersion = 77;
			productRefGroup = 95A72A412D5A3F0E007CBE8B /* Products */;
			projectDirPath = "";
			projectRoot = "";
			targets = (
				95A72A3F2D5A3F0E007CBE8B /* OneMusic */,
			);
		};
/* End PBXProject section */

/* Begin PBXResourcesBuildPhase section */
		95A72A3E2D5A3F0E007CBE8B /* Resources */ = {
			isa = PBXResourcesBuildPhase;
			buildActionMask = 2147483647;
			files = (
				95B41B0D2D624308006460EA /* Untitled.md in Resources */,
				95A72A592D5A3F3A007CBE8B /* Preview Assets.xcassets in Resources */,
				956E55E62D5E63B500D8B768 /* all.jpg in Resources */,
				95A72A612D5A400E007CBE8B /* NotoSansSC-Medium.ttf in Resources */,
				953A0C982D5B15D700E9B05A /* Launch Screen.storyboard in Resources */,
				95B41B0B2D623B80006460EA /* EnderLilies.jpg in Resources */,
				95A72A622D5A400E007CBE8B /* NotoSansSC-Bold.ttf in Resources */,
				95A72A632D5A400E007CBE8B /* NotoSansSC-Regular.ttf in Resources */,
				95B41B032D61A640006460EA /* preview_cover_3.jpg in Resources */,
				95D289BE2D5DF5150013A651 /* ALL.mp3 in Resources */,
				95B41AE22D60A73B006460EA /* Rosary - Intro-Binary Haze Interactive,Mili.128.mp3 in Resources */,
				95B41AE32D60A73B006460EA /* Bulbel.mp3 in Resources */,
				95B41AE42D60A73B006460EA /* Compounding-Binary Haze Interactive,Mili.128.mp3 in Resources */,
				95B41AE52D60A73B006460EA /* Harmonious.mp3 in Resources */,
				95B41B012D61A621006460EA /* preview_cover_2.jpg in Resources */,
				95B41AE62D60A73B006460EA /* Lily.mp3 in Resources */,
				95B41AF12D60A77E006460EA /* I.mp3 in Resources */,
				95B41AF22D60A77E006460EA /* IV.mp3 in Resources */,
				95B41AFF2D61A5C1006460EA /* preview_cover_1.jpg in Resources */,
				95B41AF32D60A77E006460EA /* III.mp3 in Resources */,
				95B41AF42D60A77E006460EA /* II (Find Yourself).mp3 in Resources */,
				95B41AF52D60A77E006460EA /* III (Find Yourself) .mp3 in Resources */,
				95B41B072D61A78B006460EA /* preview_cover_5.jpg in Resources */,
				95B41B082D61A78B006460EA /* preview_cover_6.jpg in Resources */,
				95B41B092D61A78B006460EA /* preview_cover_4.jpg in Resources */,
				95B41AF62D60A77E006460EA /* II.mp3 in Resources */,
				95B41AF72D60A77E006460EA /* WhoYouAreIsNotEnough.png in Resources */,
				95B41AE72D60A73B006460EA /* North-Mili,Binary Haze Interactive.128.mp3 in Resources */,
				956E55E42D5E63A700D8B768 /* All Alone With You-Egoist.flac in Resources */,
				95A72A642D5A400E007CBE8B /* NotoSansSC-Black.ttf in Resources */,
				95D289B12D5DBEB30013A651 /* wave.gif in Resources */,
				95A72A652D5A400E007CBE8B /* NotoSansSC-Light.ttf in Resources */,
				95A72A5A2D5A3F3A007CBE8B /* Assets.xcassets in Resources */,
			);
			runOnlyForDeploymentPostprocessing = 0;
		};
/* End PBXResourcesBuildPhase section */

/* Begin PBXSourcesBuildPhase section */
		95A72A3C2D5A3F0E007CBE8B /* Sources */ = {
			isa = PBXSourcesBuildPhase;
			buildActionMask = 2147483647;
			files = (
				95B41AD92D607697006460EA /* PlaylistViewModel.swift in Sources */,
				95B41AC92D5F9DDC006460EA /* Song.swift in Sources */,
				95B41B132D625489006460EA /* AlbumViewModel.swift in Sources */,
				95B41AD72D604EF5006460EA /* MusicPillView.swift in Sources */,
				95D289BC2D5DE7CD0013A651 /* ArtistCell.swift in Sources */,
				95A72A6F2D5A497A007CBE8B /* UIExtension.swift in Sources */,
				95B41ACF2D5FA6AA006460EA /* CacheManager.swift in Sources */,
				953A0CA62D5B4F5F00E9B05A /* SideMenuView.swift in Sources */,
				95D289B62D5DC88B0013A651 /* DefaultPlayerView.swift in Sources */,
				95D289A82D5CDA640013A651 /* PlaylistDetailView.swift in Sources */,
				95B3BFE12D5B8DE40015FECE /* AlbumsView.swift in Sources */,
				953A0CA82D5B582500E9B05A /* IconTextRow.swift in Sources */,
				95B3BFEF2D5C5AE90015FECE /* RecentlyAddCell.swift in Sources */,
				95B41AC22D5F6BFF006460EA /* Playlist.swift in Sources */,
				95B41AC02D5F6BF3006460EA /* Artist.swift in Sources */,
				953A0C9E2D5B1E7E00E9B05A /* TabButton.swift in Sources */,
				95B41AC42D5F98D4006460EA /* DatabaseManager.swift in Sources */,
				95B3BFE32D5B8DFA0015FECE /* AlbumDetailsView.swift in Sources */,
				956E55D62D5E42D900D8B768 /* SongModel.swift in Sources */,
				956E55E02D5E5D1D00D8B768 /* SongViewModel.swift in Sources */,
				95B3BFED2D5B94B50015FECE /* ListTabView.swift in Sources */,
				95D2898E2D5C7EBC0013A651 /* tempView.swift in Sources */,
				95B41ABE2D5F6BE7006460EA /* Album.swift in Sources */,
				95A72A582D5A3F3A007CBE8B /* OneMusicApp.swift in Sources */,
				953A0CA42D5B3B3C00E9B05A /* ViewAllSection.swift in Sources */,
				95D289992D5C939D0013A651 /* SongsCell.swift in Sources */,
				953A0CA22D5B2FAA00E9B05A /* HomeView.swift in Sources */,
				95D289B32D5DC5EB0013A651 /* PlaylistRow.swift in Sources */,
				95B41ACB2D5F9E30006460EA /* Genere.swift in Sources */,
				95B41ADB2D60A701006460EA /* PreviewData.swift in Sources */,
				95B3BFEB2D5B8E430015FECE /* GenresView.swift in Sources */,
				95D2899C2D5CA90C0013A651 /* myNavi.swift in Sources */,
				95B3BFDF2D5B8DC10015FECE /* SongsView.swift in Sources */,
				95B41AD12D603A0F006460EA /* AudioPlayerManager.swift in Sources */,
				95B3BFE92D5B8E340015FECE /* ArtistDetailsVIew.swift in Sources */,
				95B41ACD2D5FA421006460EA /* SongListView.swift in Sources */,
				95D2899E2D5CAA0E0013A651 /* NavigationExtension.swift in Sources */,
				95B3BFE52D5B8E070015FECE /* PlaylistsView.swift in Sources */,
				95D289AA2D5CEEB60013A651 /* AlbumDetailCell.swift in Sources */,
				953A0C9A2D5B1B0000E9B05A /* MainTabView.swift in Sources */,
				95B41B0F2D625357006460EA /* Playable.swift in Sources */,
				95D289AC2D5DB3390013A651 /* AlbumnSongRow.swift in Sources */,
				95B3BFE72D5B8E1F0015FECE /* ArtistsView.swift in Sources */,
				95D2898C2D5C79B40013A651 /* OneSearchBar.swift in Sources */,
				95B3BFDD2D5B8DA50015FECE /* LibraryView.swift in Sources */,
				950C89342D5F106C00CEBCBF /* TestSongCell.swift in Sources */,
				953A0CAA2D5B59CD00E9B05A /* MainViewModel.swift in Sources */,
			);
			runOnlyForDeploymentPostprocessing = 0;
		};
/* End PBXSourcesBuildPhase section */

/* Begin XCBuildConfiguration section */
		95A72A4C2D5A3F0E007CBE8B /* Debug */ = {
			isa = XCBuildConfiguration;
			buildSettings = {
				ALWAYS_SEARCH_USER_PATHS = NO;
				ASSETCATALOG_COMPILER_GENERATE_SWIFT_ASSET_SYMBOL_EXTENSIONS = YES;
				CLANG_ANALYZER_NONNULL = YES;
				CLANG_ANALYZER_NUMBER_OBJECT_CONVERSION = YES_AGGRESSIVE;
				CLANG_CXX_LANGUAGE_STANDARD = "gnu++20";
				CLANG_ENABLE_MODULES = YES;
				CLANG_ENABLE_OBJC_ARC = YES;
				CLANG_ENABLE_OBJC_WEAK = YES;
				CLANG_WARN_BLOCK_CAPTURE_AUTORELEASING = YES;
				CLANG_WARN_BOOL_CONVERSION = YES;
				CLANG_WARN_COMMA = YES;
				CLANG_WARN_CONSTANT_CONVERSION = YES;
				CLANG_WARN_DEPRECATED_OBJC_IMPLEMENTATIONS = YES;
				CLANG_WARN_DIRECT_OBJC_ISA_USAGE = YES_ERROR;
				CLANG_WARN_DOCUMENTATION_COMMENTS = YES;
				CLANG_WARN_EMPTY_BODY = YES;
				CLANG_WARN_ENUM_CONVERSION = YES;
				CLANG_WARN_INFINITE_RECURSION = YES;
				CLANG_WARN_INT_CONVERSION = YES;
				CLANG_WARN_NON_LITERAL_NULL_CONVERSION = YES;
				CLANG_WARN_OBJC_IMPLICIT_RETAIN_SELF = YES;
				CLANG_WARN_OBJC_LITERAL_CONVERSION = YES;
				CLANG_WARN_OBJC_ROOT_CLASS = YES_ERROR;
				CLANG_WARN_QUOTED_INCLUDE_IN_FRAMEWORK_HEADER = YES;
				CLANG_WARN_RANGE_LOOP_ANALYSIS = YES;
				CLANG_WARN_STRICT_PROTOTYPES = YES;
				CLANG_WARN_SUSPICIOUS_MOVE = YES;
				CLANG_WARN_UNGUARDED_AVAILABILITY = YES_AGGRESSIVE;
				CLANG_WARN_UNREACHABLE_CODE = YES;
				CLANG_WARN__DUPLICATE_METHOD_MATCH = YES;
				COPY_PHASE_STRIP = NO;
				DEBUG_INFORMATION_FORMAT = dwarf;
				ENABLE_STRICT_OBJC_MSGSEND = YES;
				ENABLE_TESTABILITY = YES;
				ENABLE_USER_SCRIPT_SANDBOXING = YES;
				GCC_C_LANGUAGE_STANDARD = gnu17;
				GCC_DYNAMIC_NO_PIC = NO;
				GCC_NO_COMMON_BLOCKS = YES;
				GCC_OPTIMIZATION_LEVEL = 0;
				GCC_PREPROCESSOR_DEFINITIONS = (
					"DEBUG=1",
					"$(inherited)",
				);
				GCC_WARN_64_TO_32_BIT_CONVERSION = YES;
				GCC_WARN_ABOUT_RETURN_TYPE = YES_ERROR;
				GCC_WARN_UNDECLARED_SELECTOR = YES;
				GCC_WARN_UNINITIALIZED_AUTOS = YES_AGGRESSIVE;
				GCC_WARN_UNUSED_FUNCTION = YES;
				GCC_WARN_UNUSED_VARIABLE = YES;
				IPHONEOS_DEPLOYMENT_TARGET = 18.1;
				LOCALIZATION_PREFERS_STRING_CATALOGS = YES;
				MTL_ENABLE_DEBUG_INFO = INCLUDE_SOURCE;
				MTL_FAST_MATH = YES;
				ONLY_ACTIVE_ARCH = YES;
				SDKROOT = iphoneos;
				SWIFT_ACTIVE_COMPILATION_CONDITIONS = "DEBUG $(inherited)";
				SWIFT_OPTIMIZATION_LEVEL = "-Onone";
			};
			name = Debug;
		};
		95A72A4D2D5A3F0E007CBE8B /* Release */ = {
			isa = XCBuildConfiguration;
			buildSettings = {
				ALWAYS_SEARCH_USER_PATHS = NO;
				ASSETCATALOG_COMPILER_GENERATE_SWIFT_ASSET_SYMBOL_EXTENSIONS = YES;
				CLANG_ANALYZER_NONNULL = YES;
				CLANG_ANALYZER_NUMBER_OBJECT_CONVERSION = YES_AGGRESSIVE;
				CLANG_CXX_LANGUAGE_STANDARD = "gnu++20";
				CLANG_ENABLE_MODULES = YES;
				CLANG_ENABLE_OBJC_ARC = YES;
				CLANG_ENABLE_OBJC_WEAK = YES;
				CLANG_WARN_BLOCK_CAPTURE_AUTORELEASING = YES;
				CLANG_WARN_BOOL_CONVERSION = YES;
				CLANG_WARN_COMMA = YES;
				CLANG_WARN_CONSTANT_CONVERSION = YES;
				CLANG_WARN_DEPRECATED_OBJC_IMPLEMENTATIONS = YES;
				CLANG_WARN_DIRECT_OBJC_ISA_USAGE = YES_ERROR;
				CLANG_WARN_DOCUMENTATION_COMMENTS = YES;
				CLANG_WARN_EMPTY_BODY = YES;
				CLANG_WARN_ENUM_CONVERSION = YES;
				CLANG_WARN_INFINITE_RECURSION = YES;
				CLANG_WARN_INT_CONVERSION = YES;
				CLANG_WARN_NON_LITERAL_NULL_CONVERSION = YES;
				CLANG_WARN_OBJC_IMPLICIT_RETAIN_SELF = YES;
				CLANG_WARN_OBJC_LITERAL_CONVERSION = YES;
				CLANG_WARN_OBJC_ROOT_CLASS = YES_ERROR;
				CLANG_WARN_QUOTED_INCLUDE_IN_FRAMEWORK_HEADER = YES;
				CLANG_WARN_RANGE_LOOP_ANALYSIS = YES;
				CLANG_WARN_STRICT_PROTOTYPES = YES;
				CLANG_WARN_SUSPICIOUS_MOVE = YES;
				CLANG_WARN_UNGUARDED_AVAILABILITY = YES_AGGRESSIVE;
				CLANG_WARN_UNREACHABLE_CODE = YES;
				CLANG_WARN__DUPLICATE_METHOD_MATCH = YES;
				COPY_PHASE_STRIP = NO;
				DEBUG_INFORMATION_FORMAT = "dwarf-with-dsym";
				ENABLE_NS_ASSERTIONS = NO;
				ENABLE_STRICT_OBJC_MSGSEND = YES;
				ENABLE_USER_SCRIPT_SANDBOXING = YES;
				GCC_C_LANGUAGE_STANDARD = gnu17;
				GCC_NO_COMMON_BLOCKS = YES;
				GCC_WARN_64_TO_32_BIT_CONVERSION = YES;
				GCC_WARN_ABOUT_RETURN_TYPE = YES_ERROR;
				GCC_WARN_UNDECLARED_SELECTOR = YES;
				GCC_WARN_UNINITIALIZED_AUTOS = YES_AGGRESSIVE;
				GCC_WARN_UNUSED_FUNCTION = YES;
				GCC_WARN_UNUSED_VARIABLE = YES;
				IPHONEOS_DEPLOYMENT_TARGET = 18.1;
				LOCALIZATION_PREFERS_STRING_CATALOGS = YES;
				MTL_ENABLE_DEBUG_INFO = NO;
				MTL_FAST_MATH = YES;
				SDKROOT = iphoneos;
				SWIFT_COMPILATION_MODE = wholemodule;
				VALIDATE_PRODUCT = YES;
			};
			name = Release;
		};
		95A72A4F2D5A3F0E007CBE8B /* Debug */ = {
			isa = XCBuildConfiguration;
			buildSettings = {
				ASSETCATALOG_COMPILER_APPICON_NAME = AppIcon;
				ASSETCATALOG_COMPILER_GLOBAL_ACCENT_COLOR_NAME = AccentColor;
				CODE_SIGN_STYLE = Automatic;
				CURRENT_PROJECT_VERSION = 1;
				DEVELOPMENT_ASSET_PATHS = "\"OneMusic/Preview Content\"";
				DEVELOPMENT_TEAM = 534XVWSWAY;
				ENABLE_PREVIEWS = YES;
				GENERATE_INFOPLIST_FILE = YES;
				INFOPLIST_FILE = OneMusic/Info.plist;
				INFOPLIST_KEY_LSApplicationCategoryType = "";
				INFOPLIST_KEY_UIApplicationSceneManifest_Generation = YES;
				INFOPLIST_KEY_UIApplicationSupportsIndirectInputEvents = YES;
				INFOPLIST_KEY_UILaunchScreen_Generation = YES;
				INFOPLIST_KEY_UISupportedInterfaceOrientations = UIInterfaceOrientationPortrait;
				INFOPLIST_KEY_UISupportedInterfaceOrientations_iPad = "UIInterfaceOrientationLandscapeLeft UIInterfaceOrientationLandscapeRight UIInterfaceOrientationPortrait UIInterfaceOrientationPortraitUpsideDown";
				IPHONEOS_DEPLOYMENT_TARGET = 17.0;
				LD_RUNPATH_SEARCH_PATHS = (
					"$(inherited)",
					"@executable_path/Frameworks",
				);
				MARKETING_VERSION = 1.0;
				PRODUCT_BUNDLE_IDENTIFIER = Zhiye1017.OneMusic;
				PRODUCT_NAME = "$(TARGET_NAME)";
				SUPPORTED_PLATFORMS = "iphoneos iphonesimulator";
				SUPPORTS_MACCATALYST = NO;
				SUPPORTS_MAC_DESIGNED_FOR_IPHONE_IPAD = NO;
				SUPPORTS_XR_DESIGNED_FOR_IPHONE_IPAD = NO;
				SWIFT_EMIT_LOC_STRINGS = YES;
				SWIFT_VERSION = 5.0;
				TARGETED_DEVICE_FAMILY = 1;
			};
			name = Debug;
		};
		95A72A502D5A3F0E007CBE8B /* Release */ = {
			isa = XCBuildConfiguration;
			buildSettings = {
				ASSETCATALOG_COMPILER_APPICON_NAME = AppIcon;
				ASSETCATALOG_COMPILER_GLOBAL_ACCENT_COLOR_NAME = AccentColor;
				CODE_SIGN_STYLE = Automatic;
				CURRENT_PROJECT_VERSION = 1;
				DEVELOPMENT_ASSET_PATHS = "\"OneMusic/Preview Content\"";
				DEVELOPMENT_TEAM = 534XVWSWAY;
				ENABLE_PREVIEWS = YES;
				GENERATE_INFOPLIST_FILE = YES;
				INFOPLIST_FILE = OneMusic/Info.plist;
				INFOPLIST_KEY_LSApplicationCategoryType = "";
				INFOPLIST_KEY_UIApplicationSceneManifest_Generation = YES;
				INFOPLIST_KEY_UIApplicationSupportsIndirectInputEvents = YES;
				INFOPLIST_KEY_UILaunchScreen_Generation = YES;
				INFOPLIST_KEY_UISupportedInterfaceOrientations = UIInterfaceOrientationPortrait;
				INFOPLIST_KEY_UISupportedInterfaceOrientations_iPad = "UIInterfaceOrientationLandscapeLeft UIInterfaceOrientationLandscapeRight UIInterfaceOrientationPortrait UIInterfaceOrientationPortraitUpsideDown";
				IPHONEOS_DEPLOYMENT_TARGET = 17.6;
				LD_RUNPATH_SEARCH_PATHS = (
					"$(inherited)",
					"@executable_path/Frameworks",
				);
				MARKETING_VERSION = 1.0;
				PRODUCT_BUNDLE_IDENTIFIER = Zhiye1017.OneMusic;
				PRODUCT_NAME = "$(TARGET_NAME)";
				SUPPORTED_PLATFORMS = "iphoneos iphonesimulator";
				SUPPORTS_MACCATALYST = NO;
				SUPPORTS_MAC_DESIGNED_FOR_IPHONE_IPAD = NO;
				SUPPORTS_XR_DESIGNED_FOR_IPHONE_IPAD = NO;
				SWIFT_EMIT_LOC_STRINGS = YES;
				SWIFT_VERSION = 5.0;
				TARGETED_DEVICE_FAMILY = 1;
			};
			name = Release;
		};
/* End XCBuildConfiguration section */

/* Begin XCConfigurationList section */
		95A72A3B2D5A3F0E007CBE8B /* Build configuration list for PBXProject "OneMusic" */ = {
			isa = XCConfigurationList;
			buildConfigurations = (
				95A72A4C2D5A3F0E007CBE8B /* Debug */,
				95A72A4D2D5A3F0E007CBE8B /* Release */,
			);
			defaultConfigurationIsVisible = 0;
			defaultConfigurationName = Release;
		};
		95A72A4E2D5A3F0E007CBE8B /* Build configuration list for PBXNativeTarget "OneMusic" */ = {
			isa = XCConfigurationList;
			buildConfigurations = (
				95A72A4F2D5A3F0E007CBE8B /* Debug */,
				95A72A502D5A3F0E007CBE8B /* Release */,
			);
			defaultConfigurationIsVisible = 0;
			defaultConfigurationName = Release;
		};
/* End XCConfigurationList section */

/* Begin XCLocalSwiftPackageReference section */
		956E55D22D5E424A00D8B768 /* XCLocalSwiftPackageReference "../../Downloads/GIFImage-main" */ = {
			isa = XCLocalSwiftPackageReference;
			relativePath = "../../Downloads/GIFImage-main";
		};
		956E55DA2D5E522F00D8B768 /* XCLocalSwiftPackageReference "../../Downloads/SQLite.swift-master" */ = {
			isa = XCLocalSwiftPackageReference;
			relativePath = "../../Downloads/SQLite.swift-master";
		};
/* End XCLocalSwiftPackageReference section */

/* Begin XCSwiftPackageProductDependency section */
		956E55D32D5E424A00D8B768 /* GIFImage */ = {
			isa = XCSwiftPackageProductDependency;
			productName = GIFImage;
		};
		956E55DB2D5E522F00D8B768 /* SQLite */ = {
			isa = XCSwiftPackageProductDependency;
			productName = SQLite;
		};
		95D289AE2D5DBDCC0013A651 /* GIFImage */ = {
			isa = XCSwiftPackageProductDependency;
			productName = GIFImage;
		};
/* End XCSwiftPackageProductDependency section */
	};
	rootObject = 95A72A382D5A3F0E007CBE8B /* Project object */;
}
